
Microsoft Visual Studio Solution File, Format Version 12.00
# Visual Studio Version 17
VisualStudioVersion = 17.6.33723.286
MinimumVisualStudioVersion = 10.0.40219.1
Project("{FAE04EC0-301F-11D3-BF4B-00C04F79EFBC}") = "Assignment1", "Assignment1\Assignment1.csproj", "{E7D425FB-E5CE-4212-9FAE-2B7CB6B45597}"
EndProject
Global
	GlobalSection(SolutionConfigurationPlatforms) = preSolution
		Debug|Any CPU = Debug|Any CPU
		Release|Any CPU = Release|Any CPU
	EndGlobalSection
	GlobalSection(ProjectConfigurationPlatforms) = postSolution
		{E7D425FB-E5CE-4212-9FAE-2B7CB6B45597}.Debug|Any CPU.ActiveCfg = Debug|Any CPU
		{E7D425FB-E5CE-4212-9FAE-2B7CB6B45597}.Debug|Any CPU.Build.0 = Debug|Any CPU
		{E7D425FB-E5CE-4212-9FAE-2B7CB6B45597}.Release|Any CPU.ActiveCfg = Release|Any CPU
		{E7D425FB-E5CE-4212-9FAE-2B7CB6B45597}.Release|Any CPU.Build.0 = Release|Any CPU
	EndGlobalSection
	GlobalSection(SolutionProperties) = preSolution
		HideSolutionNode = FALSE
	EndGlobalSection
	GlobalSection(ExtensibilityGlobals) = postSolution
		SolutionGuid = {B658E00B-DFF3-495F-AC6F-BF8E753AA429}
	EndGlobalSection
EndGlobal
